
Microsoft Visual Studio Solution File, Format Version 12.00
# Visual Studio 15
VisualStudioVersion = 15.0.28307.102
MinimumVisualStudioVersion = 10.0.40219.1
Project("{8BC9CEB8-8B4A-11D0-8D11-00A0C91BC942}") = "Sandbox", "Sandbox\Sandbox.vcxproj", "{5FB2CE2F-6FE2-40F4-86B7-2782C257FC20}"
EndProject
Project("{8BC9CEB8-8B4A-11D0-8D11-00A0C91BC942}") = "Vesmir", "Vesmir\Vesmir.vcxproj", "{3B2C3BA1-DB36-42D0-87B8-FD2A89D2F8B0}"
EndProject
Global
	GlobalSection(SolutionConfigurationPlatforms) = preSolution
		Debug|x64 = Debug|x64
		Release|x64 = Release|x64
	EndGlobalSection
	GlobalSection(ProjectConfigurationPlatforms) = postSolution
		{3B2C3BA1-DB36-42D0-87B8-FD2A89D2F8B0}.Debug|x64.ActiveCfg = Debug|x64
		{3B2C3BA1-DB36-42D0-87B8-FD2A89D2F8B0}.Debug|x64.Build.0 = Debug|x64
		{3B2C3BA1-DB36-42D0-87B8-FD2A89D2F8B0}.Release|x64.ActiveCfg = Release|x64
		{3B2C3BA1-DB36-42D0-87B8-FD2A89D2F8B0}.Release|x64.Build.0 = Release|x64
		{5FB2CE2F-6FE2-40F4-86B7-2782C257FC20}.Debug|x64.ActiveCfg = Debug|x64
		{5FB2CE2F-6FE2-40F4-86B7-2782C257FC20}.Debug|x64.Build.0 = Debug|x64
		{5FB2CE2F-6FE2-40F4-86B7-2782C257FC20}.Release|x64.ActiveCfg = Release|x64
		{5FB2CE2F-6FE2-40F4-86B7-2782C257FC20}.Release|x64.Build.0 = Release|x64
	EndGlobalSection
	GlobalSection(SolutionProperties) = preSolution
		HideSolutionNode = FALSE
	EndGlobalSection
	GlobalSection(ExtensibilityGlobals) = postSolution
		SolutionGuid = {1DCBF8E7-CCBF-4C7F-99D8-767D82B32C0B}
	EndGlobalSection
EndGlobal
